
Microsoft Visual Studio Solution File, Format Version 12.00
# Visual Studio Version 16
VisualStudioVersion = 16.0.31205.134
MinimumVisualStudioVersion = 10.0.40219.1
Project("{8BC9CEB8-8B4A-11D0-8D11-00A0C91BC942}") = "ShapeReader", "ShapeReader\ShapeReader.vcxproj", "{70376650-CED4-491C-8950-9EF8A430F05B}"
EndProject
Global
	GlobalSection(SolutionConfigurationPlatforms) = preSolution
		Debug|x64 = Debug|x64
		Debug|x86 = Debug|x86
		Release|x64 = Release|x64
		Release|x86 = Release|x86
	EndGlobalSection
	GlobalSection(ProjectConfigurationPlatforms) = postSolution
		{70376650-CED4-491C-8950-9EF8A430F05B}.Debug|x64.ActiveCfg = Debug|x64
		{70376650-CED4-491C-8950-9EF8A430F05B}.Debug|x64.Build.0 = Debug|x64
		{70376650-CED4-491C-8950-9EF8A430F05B}.Debug|x86.ActiveCfg = Debug|Win32
		{70376650-CED4-491C-8950-9EF8A430F05B}.Debug|x86.Build.0 = Debug|Win32
		{70376650-CED4-491C-8950-9EF8A430F05B}.Release|x64.ActiveCfg = Release|x64
		{70376650-CED4-491C-8950-9EF8A430F05B}.Release|x64.Build.0 = Release|x64
		{70376650-CED4-491C-8950-9EF8A430F05B}.Release|x86.ActiveCfg = Release|Win32
		{70376650-CED4-491C-8950-9EF8A430F05B}.Release|x86.Build.0 = Release|Win32
	EndGlobalSection
	GlobalSection(SolutionProperties) = preSolution
		HideSolutionNode = FALSE
	EndGlobalSection
	GlobalSection(ExtensibilityGlobals) = postSolution
		SolutionGuid = {1EDFB798-4F5B-4D3F-BE0B-B0FA133345DA}
	EndGlobalSection
EndGlobal
